
Microsoft Visual Studio Solution File, Format Version 12.00
# Visual Studio Version 17
VisualStudioVersion = 17.0.31903.59
MinimumVisualStudioVersion = 10.0.40219.1
Project("{FAE04EC0-301F-11D3-BF4B-00C04F79EFBC}") = "FormatString", "src\FormatString.csproj", "{46E25527-DA5E-47DE-AB1D-BD0E4902DC54}"
EndProject
Project("{FAE04EC0-301F-11D3-BF4B-00C04F79EFBC}") = "FormatStringUnitTest", "test\FormatStringUnitTest.csproj", "{D3625161-1FEE-47A7-9A29-87074050B12A}"
EndProject
Global
	GlobalSection(SolutionConfigurationPlatforms) = preSolution
		Debug|Any CPU = Debug|Any CPU
		Release|Any CPU = Release|Any CPU
	EndGlobalSection
	GlobalSection(SolutionProperties) = preSolution
		HideSolutionNode = FALSE
	EndGlobalSection
	GlobalSection(ProjectConfigurationPlatforms) = postSolution
		{46E25527-DA5E-47DE-AB1D-BD0E4902DC54}.Debug|Any CPU.ActiveCfg = Debug|Any CPU
		{46E25527-DA5E-47DE-AB1D-BD0E4902DC54}.Debug|Any CPU.Build.0 = Debug|Any CPU
		{46E25527-DA5E-47DE-AB1D-BD0E4902DC54}.Release|Any CPU.ActiveCfg = Release|Any CPU
		{46E25527-DA5E-47DE-AB1D-BD0E4902DC54}.Release|Any CPU.Build.0 = Release|Any CPU
		{D3625161-1FEE-47A7-9A29-87074050B12A}.Debug|Any CPU.ActiveCfg = Debug|Any CPU
		{D3625161-1FEE-47A7-9A29-87074050B12A}.Debug|Any CPU.Build.0 = Debug|Any CPU
		{D3625161-1FEE-47A7-9A29-87074050B12A}.Release|Any CPU.ActiveCfg = Release|Any CPU
		{D3625161-1FEE-47A7-9A29-87074050B12A}.Release|Any CPU.Build.0 = Release|Any CPU
	EndGlobalSection
EndGlobal
